<?xml version="1.0" encoding="utf-8"?>
<Project ToolsVersion="4.0" xmlns="http://schemas.microsoft.com/developer/msbuild/2003">
  <ItemGroup>
    <Filter Include="소스 파일">
      <UniqueIdentifier>{4FC737F1-C7A5-4376-A066-2A32D752A2FF}</UniqueIdentifier>
      <Extensions>cpp;c;cc;cxx;c++;cppm;ixx;def;odl;idl;hpj;bat;asm;asmx</Extensions>
    </Filter>
    <Filter Include="헤더 파일">
      <UniqueIdentifier>{93995380-89BD-4b04-88EB-625FBE52EBFB}</UniqueIdentifier>
      <Extensions>h;hh;hpp;hxx;h++;hm;inl;inc;ipp;xsd</Extensions>
    </Filter>
    <Filter Include="리소스 파일">
      <UniqueIdentifier>{67DA6AB6-F800-4c08-8B7A-83BB121AAD01}</UniqueIdentifier>
      <Extensions>rc;ico;cur;bmp;dlg;rc2;rct;bin;rgs;gif;jpg;jpeg;jpe;resx;tiff;tif;png;wav;mfcribbon-ms</Extensions>
    </Filter>
    <Filter Include="헤더 파일\network">
      <UniqueIdentifier>{bef9af27-a2f3-43a7-9205-6873ca8a25f6}</UniqueIdentifier>
    </Filter>
    <Filter Include="헤더 파일\entity">
      <UniqueIdentifier>{61de6c27-aab5-4c12-b3c8-52d327301c3c}</UniqueIdentifier>
    </Filter>
    <Filter Include="헤더 파일\thread">
      <UniqueIdentifier>{d2b2e80d-a721-4e5c-98d0-fd3f82d1f061}</UniqueIdentifier>
    </Filter>
    <Filter Include="헤더 파일\thread\lf">
      <UniqueIdentifier>{0a024113-02a0-4889-b2ba-f3910fa94d77}</UniqueIdentifier>
    </Filter>
    <Filter Include="헤더 파일\others">
      <UniqueIdentifier>{1d79f983-1172-4fc9-89b4-38665214e53e}</UniqueIdentifier>
    </Filter>
  </ItemGroup>
  <ItemGroup>
    <ClCompile Include="main.cpp">
      <Filter>소스 파일</Filter>
    </ClCompile>
    <ClCompile Include="thread.cpp">
      <Filter>소스 파일</Filter>
    </ClCompile>
    <ClCompile Include="server_socket.cpp">
      <Filter>소스 파일</Filter>
    </ClCompile>
    <ClCompile Include="random_number_generator.cpp">
      <Filter>소스 파일</Filter>
    </ClCompile>
    <ClCompile Include="entity.cpp">
      <Filter>소스 파일</Filter>
    </ClCompile>
  </ItemGroup>
  <ItemGroup>
    <ClInclude Include="client_socket.h">
      <Filter>헤더 파일\network</Filter>
    </ClInclude>
    <ClInclude Include="server_socket.h">
      <Filter>헤더 파일\network</Filter>
    </ClInclude>
    <ClInclude Include="packet.h">
      <Filter>헤더 파일\network</Filter>
    </ClInclude>
    <ClInclude Include="player.h">
      <Filter>헤더 파일\entity</Filter>
    </ClInclude>
    <ClInclude Include="monster.h">
      <Filter>헤더 파일\entity</Filter>
    </ClInclude>
    <ClInclude Include="boss.h">
      <Filter>헤더 파일\entity</Filter>
    </ClInclude>
    <ClInclude Include="entity.h">
      <Filter>헤더 파일\entity</Filter>
    </ClInclude>
    <ClInclude Include="thread.h">
      <Filter>헤더 파일\thread</Filter>
    </ClInclude>
    <ClInclude Include="ebr.h">
      <Filter>헤더 파일\thread\lf</Filter>
    </ClInclude>
    <ClInclude Include="lf_node.h">
      <Filter>헤더 파일\thread\lf</Filter>
    </ClInclude>
    <ClInclude Include="lf_relaxed_queue.h">
      <Filter>헤더 파일\thread\lf</Filter>
    </ClInclude>
    <ClInclude Include="cas_lock.h">
      <Filter>헤더 파일\thread\lf</Filter>
    </ClInclude>
    <ClInclude Include="random_number_generator.h">
      <Filter>헤더 파일\others</Filter>
    </ClInclude>
    <ClInclude Include="timer.h">
      <Filter>헤더 파일\others</Filter>
    </ClInclude>
    <ClInclude Include="lf_array.h">
      <Filter>헤더 파일\thread\lf</Filter>
    </ClInclude>
    <ClInclude Include="entity_manager.h">
      <Filter>헤더 파일\entity</Filter>
    </ClInclude>
    <ClInclude Include="debug.h">
      <Filter>헤더 파일\others</Filter>
    </ClInclude>
  </ItemGroup>
</Project>