<?xml version="1.0" encoding="utf-8"?>
<Project ToolsVersion="4.0" xmlns="http://schemas.microsoft.com/developer/msbuild/2003">
  <ItemGroup>
    <Filter Include="소스 파일">
      <UniqueIdentifier>{4FC737F1-C7A5-4376-A066-2A32D752A2FF}</UniqueIdentifier>
      <Extensions>cpp;c;cc;cxx;c++;cppm;ixx;def;odl;idl;hpj;bat;asm;asmx</Extensions>
    </Filter>
    <Filter Include="헤더 파일">
      <UniqueIdentifier>{93995380-89BD-4b04-88EB-625FBE52EBFB}</UniqueIdentifier>
      <Extensions>h;hh;hpp;hxx;h++;hm;inl;inc;ipp;xsd</Extensions>
    </Filter>
    <Filter Include="리소스 파일">
      <UniqueIdentifier>{67DA6AB6-F800-4c08-8B7A-83BB121AAD01}</UniqueIdentifier>
      <Extensions>rc;ico;cur;bmp;dlg;rc2;rct;bin;rgs;gif;jpg;jpeg;jpe;resx;tiff;tif;png;wav;mfcribbon-ms</Extensions>
    </Filter>
    <Filter Include="헤더 파일\network">
      <UniqueIdentifier>{bef9af27-a2f3-43a7-9205-6873ca8a25f6}</UniqueIdentifier>
    </Filter>
    <Filter Include="헤더 파일\entity">
      <UniqueIdentifier>{61de6c27-aab5-4c12-b3c8-52d327301c3c}</UniqueIdentifier>
    </Filter>
    <Filter Include="헤더 파일\thread">
      <UniqueIdentifier>{d2b2e80d-a721-4e5c-98d0-fd3f82d1f061}</UniqueIdentifier>
    </Filter>
    <Filter Include="헤더 파일\thread\lf">
      <UniqueIdentifier>{0a024113-02a0-4889-b2ba-f3910fa94d77}</UniqueIdentifier>
    </Filter>
    <Filter Include="헤더 파일\others">
      <UniqueIdentifier>{1d79f983-1172-4fc9-89b4-38665214e53e}</UniqueIdentifier>
    </Filter>
    <Filter Include="헤더 파일\ai">
      <UniqueIdentifier>{0111a73d-e69c-473b-a0a1-956d3298f87b}</UniqueIdentifier>
    </Filter>
    <Filter Include="소스 파일\others">
      <UniqueIdentifier>{d59f8e11-5e0a-4af5-85bb-8efedad36b3e}</UniqueIdentifier>
    </Filter>
    <Filter Include="소스 파일\network">
      <UniqueIdentifier>{9ea701f5-d579-4ccc-ad5f-6b9cb1cd9560}</UniqueIdentifier>
    </Filter>
    <Filter Include="소스 파일\entity">
      <UniqueIdentifier>{4279b006-210b-4a92-aae1-9c3f50382eca}</UniqueIdentifier>
    </Filter>
    <Filter Include="소스 파일\thread">
      <UniqueIdentifier>{2a6e6e81-f3cb-47b8-a872-d7dcc051d1e8}</UniqueIdentifier>
    </Filter>
    <Filter Include="소스 파일\ai">
      <UniqueIdentifier>{2cbf37fb-8b83-4dc7-91fd-c24b0edda1aa}</UniqueIdentifier>
    </Filter>
    <Filter Include="소스 파일\coord">
      <UniqueIdentifier>{856fca9a-c5dc-4822-b585-3ef0d0b90877}</UniqueIdentifier>
    </Filter>
    <Filter Include="헤더 파일\coord">
      <UniqueIdentifier>{763719ee-77fd-4f49-8d8b-6a38c4295bbf}</UniqueIdentifier>
    </Filter>
    <Filter Include="헤더 파일\lua">
      <UniqueIdentifier>{1c69ba1c-813f-4e80-9729-65088b3dcbfa}</UniqueIdentifier>
    </Filter>
    <Filter Include="헤더 파일\lua\include">
      <UniqueIdentifier>{31ace1b7-1878-4f73-a4ab-38c01110e705}</UniqueIdentifier>
    </Filter>
  </ItemGroup>
  <ItemGroup>
    <ClCompile Include="main.cpp">
      <Filter>소스 파일</Filter>
    </ClCompile>
    <ClCompile Include="random_number_generator.cpp">
      <Filter>소스 파일\others</Filter>
    </ClCompile>
    <ClCompile Include="server_socket.cpp">
      <Filter>소스 파일\network</Filter>
    </ClCompile>
    <ClCompile Include="debug.cpp">
      <Filter>소스 파일\others</Filter>
    </ClCompile>
    <ClCompile Include="entity.cpp">
      <Filter>소스 파일\entity</Filter>
    </ClCompile>
    <ClCompile Include="thread.cpp">
      <Filter>소스 파일\thread</Filter>
    </ClCompile>
    <ClCompile Include="packet.cpp">
      <Filter>소스 파일\network</Filter>
    </ClCompile>
    <ClCompile Include="fsm.cpp">
      <Filter>소스 파일\ai</Filter>
    </ClCompile>
    <ClCompile Include="mob.cpp">
      <Filter>소스 파일\entity</Filter>
    </ClCompile>
    <ClCompile Include="world_map.cpp">
      <Filter>소스 파일\coord</Filter>
    </ClCompile>
    <ClCompile Include="lf_child_node.cpp">
      <Filter>소스 파일\thread</Filter>
    </ClCompile>
    <ClCompile Include="lf_base15_tree.cpp">
      <Filter>소스 파일\thread</Filter>
    </ClCompile>
  </ItemGroup>
  <ItemGroup>
    <ClInclude Include="session.h">
      <Filter>헤더 파일\network</Filter>
    </ClInclude>
    <ClInclude Include="server_socket.h">
      <Filter>헤더 파일\network</Filter>
    </ClInclude>
    <ClInclude Include="packet.h">
      <Filter>헤더 파일\network</Filter>
    </ClInclude>
    <ClInclude Include="player.h">
      <Filter>헤더 파일\entity</Filter>
    </ClInclude>
    <ClInclude Include="mob.h">
      <Filter>헤더 파일\entity</Filter>
    </ClInclude>
    <ClInclude Include="boss.h">
      <Filter>헤더 파일\entity</Filter>
    </ClInclude>
    <ClInclude Include="entity.h">
      <Filter>헤더 파일\entity</Filter>
    </ClInclude>
    <ClInclude Include="thread.h">
      <Filter>헤더 파일\thread</Filter>
    </ClInclude>
    <ClInclude Include="ebr.h">
      <Filter>헤더 파일\thread\lf</Filter>
    </ClInclude>
    <ClInclude Include="lf_node.h">
      <Filter>헤더 파일\thread\lf</Filter>
    </ClInclude>
    <ClInclude Include="lf_relaxed_queue.h">
      <Filter>헤더 파일\thread\lf</Filter>
    </ClInclude>
    <ClInclude Include="cas_lock.h">
      <Filter>헤더 파일\thread\lf</Filter>
    </ClInclude>
    <ClInclude Include="random_number_generator.h">
      <Filter>헤더 파일\others</Filter>
    </ClInclude>
    <ClInclude Include="timer.h">
      <Filter>헤더 파일\others</Filter>
    </ClInclude>
    <ClInclude Include="lf_array.h">
      <Filter>헤더 파일\thread\lf</Filter>
    </ClInclude>
    <ClInclude Include="entity_manager.h">
      <Filter>헤더 파일\entity</Filter>
    </ClInclude>
    <ClInclude Include="debug.h">
      <Filter>헤더 파일\others</Filter>
    </ClInclude>
    <ClInclude Include="party.h">
      <Filter>헤더 파일\others</Filter>
    </ClInclude>
    <ClInclude Include="fsm.h">
      <Filter>헤더 파일\ai</Filter>
    </ClInclude>
    <ClInclude Include="free_list.h">
      <Filter>헤더 파일\others</Filter>
    </ClInclude>
    <ClInclude Include="over_ex.h">
      <Filter>헤더 파일\network</Filter>
    </ClInclude>
    <ClInclude Include="accepter.h">
      <Filter>헤더 파일\network</Filter>
    </ClInclude>
    <ClInclude Include="buffer.h">
      <Filter>헤더 파일\network</Filter>
    </ClInclude>
    <ClInclude Include="coord.h">
      <Filter>헤더 파일\coord</Filter>
    </ClInclude>
    <ClInclude Include="region.h">
      <Filter>헤더 파일\coord</Filter>
    </ClInclude>
    <ClInclude Include="world_map.h">
      <Filter>헤더 파일\coord</Filter>
    </ClInclude>
    <ClInclude Include="a_star.h">
      <Filter>헤더 파일\ai</Filter>
    </ClInclude>
    <ClInclude Include="lf_base15_tree.h">
      <Filter>헤더 파일\thread\lf</Filter>
    </ClInclude>
    <ClInclude Include="lf_child_node.h">
      <Filter>헤더 파일\thread\lf</Filter>
    </ClInclude>
    <ClInclude Include="timer_thread.h">
      <Filter>헤더 파일\thread</Filter>
    </ClInclude>
    <ClInclude Include="lua_script.h">
      <Filter>헤더 파일\lua</Filter>
    </ClInclude>
    <ClInclude Include="lua\include\lauxlib.h">
      <Filter>헤더 파일\lua\include</Filter>
    </ClInclude>
    <ClInclude Include="lua\include\lua.h">
      <Filter>헤더 파일\lua\include</Filter>
    </ClInclude>
    <ClInclude Include="lua\include\lua.hpp">
      <Filter>헤더 파일\lua\include</Filter>
    </ClInclude>
    <ClInclude Include="lua\include\luaconf.h">
      <Filter>헤더 파일\lua\include</Filter>
    </ClInclude>
    <ClInclude Include="lua\include\lualib.h">
      <Filter>헤더 파일\lua\include</Filter>
    </ClInclude>
    <ClInclude Include="view_list.h">
      <Filter>헤더 파일\entity</Filter>
    </ClInclude>
    <ClInclude Include="flag.h">
      <Filter>헤더 파일\others</Filter>
    </ClInclude>
  </ItemGroup>
  <ItemGroup>
    <None Include="scripts\server_settings.lua">
      <Filter>리소스 파일</Filter>
    </None>
    <None Include="scripts\mob_settings.lua">
      <Filter>리소스 파일</Filter>
    </None>
  </ItemGroup>
</Project>